
Microsoft Visual Studio Solution File, Format Version 12.00
# Visual Studio 15
VisualStudioVersion = 15.0.27428.2015
MinimumVisualStudioVersion = 10.0.40219.1
Project("{FAE04EC0-301F-11D3-BF4B-00C04F79EFBC}") = "Lab2", "Lab2\Lab2.csproj", "{69551F14-37B0-4AC6-9B6F-582BAF1F76B1}"
EndProject
Global
	GlobalSection(SolutionConfigurationPlatforms) = preSolution
		Debug|Any CPU = Debug|Any CPU
		Release|Any CPU = Release|Any CPU
	EndGlobalSection
	GlobalSection(ProjectConfigurationPlatforms) = postSolution
		{69551F14-37B0-4AC6-9B6F-582BAF1F76B1}.Debug|Any CPU.ActiveCfg = Debug|Any CPU
		{69551F14-37B0-4AC6-9B6F-582BAF1F76B1}.Debug|Any CPU.Build.0 = Debug|Any CPU
		{69551F14-37B0-4AC6-9B6F-582BAF1F76B1}.Release|Any CPU.ActiveCfg = Release|Any CPU
		{69551F14-37B0-4AC6-9B6F-582BAF1F76B1}.Release|Any CPU.Build.0 = Release|Any CPU
	EndGlobalSection
	GlobalSection(SolutionProperties) = preSolution
		HideSolutionNode = FALSE
	EndGlobalSection
	GlobalSection(ExtensibilityGlobals) = postSolution
		SolutionGuid = {1C20D189-AF73-43EC-8CC5-DDF8D305CDB5}
	EndGlobalSection
EndGlobal
